{
  "name": "test",
  "version": "1.0.0",
  "lockfileVersion": 1,
  "requires": true,
  "dependencies": {
    "prnvbirajdar-frame-print": {
      "version": "1.0.1",
      "resolved": "https://registry.npmjs.org/prnvbirajdar-frame-print/-/prnvbirajdar-frame-print-1.0.1.tgz",
      "integrity": "sha512-40/3Ccw1vXnOB108IuLGp/91W7xSf+YI5uVAU436uIkO+0VUmsqs0IGAstt9eg200r5Mi6835D3g1VcgUx6Igw=="
    }
  }
}
